
Microsoft Visual Studio Solution File, Format Version 12.00
# Visual Studio Version 17
VisualStudioVersion = 17.8.34511.84
MinimumVisualStudioVersion = 10.0.40219.1
Project("{FAE04EC0-301F-11D3-BF4B-00C04F79EFBC}") = "Basic_Project(MVC Framework)", "Basic_Project(MVC Framework)\Basic_Project(MVC Framework).csproj", "{819900ED-EE6A-44B3-930D-9AE88DC6534A}"
EndProject
Global
	GlobalSection(SolutionConfigurationPlatforms) = preSolution
		Debug|Any CPU = Debug|Any CPU
		Release|Any CPU = Release|Any CPU
	EndGlobalSection
	GlobalSection(ProjectConfigurationPlatforms) = postSolution
		{819900ED-EE6A-44B3-930D-9AE88DC6534A}.Debug|Any CPU.ActiveCfg = Debug|Any CPU
		{819900ED-EE6A-44B3-930D-9AE88DC6534A}.Debug|Any CPU.Build.0 = Debug|Any CPU
		{819900ED-EE6A-44B3-930D-9AE88DC6534A}.Release|Any CPU.ActiveCfg = Release|Any CPU
		{819900ED-EE6A-44B3-930D-9AE88DC6534A}.Release|Any CPU.Build.0 = Release|Any CPU
	EndGlobalSection
	GlobalSection(SolutionProperties) = preSolution
		HideSolutionNode = FALSE
	EndGlobalSection
	GlobalSection(ExtensibilityGlobals) = postSolution
		SolutionGuid = {27A626DD-BD36-457E-8293-B508C2A5237F}
	EndGlobalSection
EndGlobal
